
Microsoft Visual Studio Solution File, Format Version 12.00
# Visual Studio Version 16
VisualStudioVersion = 16.0.29613.14
MinimumVisualStudioVersion = 10.0.40219.1
Project("{FAE04EC0-301F-11D3-BF4B-00C04F79EFBC}") = "Labs", "Labs.csproj", "{184AB374-8B52-46F3-BFDD-468E2F3F5150}"
EndProject
Global
	GlobalSection(SolutionConfigurationPlatforms) = preSolution
		Debug|Any CPU = Debug|Any CPU
		Release|Any CPU = Release|Any CPU
	EndGlobalSection
	GlobalSection(ProjectConfigurationPlatforms) = postSolution
		{184AB374-8B52-46F3-BFDD-468E2F3F5150}.Debug|Any CPU.ActiveCfg = Debug|Any CPU
		{184AB374-8B52-46F3-BFDD-468E2F3F5150}.Debug|Any CPU.Build.0 = Debug|Any CPU
		{184AB374-8B52-46F3-BFDD-468E2F3F5150}.Release|Any CPU.ActiveCfg = Release|Any CPU
		{184AB374-8B52-46F3-BFDD-468E2F3F5150}.Release|Any CPU.Build.0 = Release|Any CPU
	EndGlobalSection
	GlobalSection(SolutionProperties) = preSolution
		HideSolutionNode = FALSE
	EndGlobalSection
	GlobalSection(ExtensibilityGlobals) = postSolution
		SolutionGuid = {77211C18-3823-4184-9B5F-3F69E0713770}
	EndGlobalSection
EndGlobal
